
Microsoft Visual Studio Solution File, Format Version 12.00
# Visual Studio Version 16
VisualStudioVersion = 16.0.31624.102
MinimumVisualStudioVersion = 10.0.40219.1
Project("{FAE04EC0-301F-11D3-BF4B-00C04F79EFBC}") = "SisPicBD", "SisPicBD\SisPicBD.csproj", "{27325427-097E-4D97-A5C9-90EC3B5535CB}"
EndProject
Global
	GlobalSection(SolutionConfigurationPlatforms) = preSolution
		Debug|Any CPU = Debug|Any CPU
		Release|Any CPU = Release|Any CPU
	EndGlobalSection
	GlobalSection(ProjectConfigurationPlatforms) = postSolution
		{27325427-097E-4D97-A5C9-90EC3B5535CB}.Debug|Any CPU.ActiveCfg = Debug|Any CPU
		{27325427-097E-4D97-A5C9-90EC3B5535CB}.Debug|Any CPU.Build.0 = Debug|Any CPU
		{27325427-097E-4D97-A5C9-90EC3B5535CB}.Release|Any CPU.ActiveCfg = Release|Any CPU
		{27325427-097E-4D97-A5C9-90EC3B5535CB}.Release|Any CPU.Build.0 = Release|Any CPU
	EndGlobalSection
	GlobalSection(SolutionProperties) = preSolution
		HideSolutionNode = FALSE
	EndGlobalSection
	GlobalSection(ExtensibilityGlobals) = postSolution
		SolutionGuid = {CFD0A614-84D5-428B-8B09-2860DF9B4277}
	EndGlobalSection
EndGlobal
